
Microsoft Visual Studio Solution File, Format Version 12.00
# Visual Studio Version 17
VisualStudioVersion = 17.4.33110.190
MinimumVisualStudioVersion = 10.0.40219.1
Project("{9A19103F-16F7-4668-BE54-9A1E7A4F7556}") = "CarteiraDeCambio", "CarteiraDeCambio\CarteiraDeCambio.csproj", "{16E59980-8B47-4B33-A139-D3B4DF99081A}"
EndProject
Project("{E53339B2-1760-4266-BCC7-CA923CBCF16C}") = "docker-compose", "docker-compose.dcproj", "{F38189AC-7B2B-4C4D-B3C1-DADD33281CD9}"
EndProject
Global
	GlobalSection(SolutionConfigurationPlatforms) = preSolution
		Debug|Any CPU = Debug|Any CPU
		Release|Any CPU = Release|Any CPU
	EndGlobalSection
	GlobalSection(ProjectConfigurationPlatforms) = postSolution
		{16E59980-8B47-4B33-A139-D3B4DF99081A}.Debug|Any CPU.ActiveCfg = Debug|Any CPU
		{16E59980-8B47-4B33-A139-D3B4DF99081A}.Debug|Any CPU.Build.0 = Debug|Any CPU
		{16E59980-8B47-4B33-A139-D3B4DF99081A}.Release|Any CPU.ActiveCfg = Release|Any CPU
		{16E59980-8B47-4B33-A139-D3B4DF99081A}.Release|Any CPU.Build.0 = Release|Any CPU
		{F38189AC-7B2B-4C4D-B3C1-DADD33281CD9}.Debug|Any CPU.ActiveCfg = Debug|Any CPU
		{F38189AC-7B2B-4C4D-B3C1-DADD33281CD9}.Debug|Any CPU.Build.0 = Debug|Any CPU
		{F38189AC-7B2B-4C4D-B3C1-DADD33281CD9}.Release|Any CPU.ActiveCfg = Release|Any CPU
		{F38189AC-7B2B-4C4D-B3C1-DADD33281CD9}.Release|Any CPU.Build.0 = Release|Any CPU
	EndGlobalSection
	GlobalSection(SolutionProperties) = preSolution
		HideSolutionNode = FALSE
	EndGlobalSection
	GlobalSection(ExtensibilityGlobals) = postSolution
		SolutionGuid = {9D62B395-6144-4482-A3FF-CEFA8D9A0CF8}
	EndGlobalSection
EndGlobal
